// !$*UTF8*$!
{
	archiveVersion = 1;
	classes = {
	};
	objectVersion = 51;
	objects = {

/* Begin PBXBuildFile section */
		2AB2265F25DEBDCF004F8350 /* AppDelegate.swift in Sources */ = {isa = PBXBuildFile; fileRef = 2AB2265E25DEBDCF004F8350 /* AppDelegate.swift */; };
		2AB2266125DEBDCF004F8350 /* SceneDelegate.swift in Sources */ = {isa = PBXBuildFile; fileRef = 2AB2266025DEBDCF004F8350 /* SceneDelegate.swift */; };
		2AB2266325DEBDCF004F8350 /* ContentView.swift in Sources */ = {isa = PBXBuildFile; fileRef = 2AB2266225DEBDCF004F8350 /* ContentView.swift */; };
		2AB2266625DEBDCF004F8350 /* AppTrackWildlifeDiseases.xcdatamodeld in Sources */ = {isa = PBXBuildFile; fileRef = 2AB2266425DEBDCF004F8350 /* AppTrackWildlifeDiseases.xcdatamodeld */; };
		2AB2266825DEBDD2004F8350 /* Assets.xcassets in Resources */ = {isa = PBXBuildFile; fileRef = 2AB2266725DEBDD2004F8350 /* Assets.xcassets */; };
		2AB2266B25DEBDD2004F8350 /* Preview Assets.xcassets in Resources */ = {isa = PBXBuildFile; fileRef = 2AB2266A25DEBDD2004F8350 /* Preview Assets.xcassets */; };
		2AB2266E25DEBDD2004F8350 /* LaunchScreen.storyboard in Resources */ = {isa = PBXBuildFile; fileRef = 2AB2266C25DEBDD2004F8350 /* LaunchScreen.storyboard */; };
		2AB2267825DECD84004F8350 /* Description.swift in Sources */ = {isa = PBXBuildFile; fileRef = 2AB2267725DECD84004F8350 /* Description.swift */; };
		2AB2267C25DECDBF004F8350 /* PictureTakeing.swift in Sources */ = {isa = PBXBuildFile; fileRef = 2AB2267B25DECDBF004F8350 /* PictureTakeing.swift */; };
		2AB2268425DED8D1004F8350 /* Common Source.swift in Sources */ = {isa = PBXBuildFile; fileRef = 2AB2268325DED8D1004F8350 /* Common Source.swift */; };
		2AB2268725DEDD7A004F8350 /* AboutUs.swift in Sources */ = {isa = PBXBuildFile; fileRef = 2AB2268625DEDD7A004F8350 /* AboutUs.swift */; };
		2AB2268C25DEE451004F8350 /* Project Leader.swift in Sources */ = {isa = PBXBuildFile; fileRef = 2AB2268B25DEE451004F8350 /* Project Leader.swift */; };
		2AB2269025E4DF6E004F8350 /* ImagePicker.swift in Sources */ = {isa = PBXBuildFile; fileRef = 2AB2268F25E4DF6E004F8350 /* ImagePicker.swift */; };
		2AB2269425E4E31D004F8350 /* MangeDescription.swift in Sources */ = {isa = PBXBuildFile; fileRef = 2AB2269325E4E31D004F8350 /* MangeDescription.swift */; };
		2AB2269825E4E4C6004F8350 /* WebView.swift in Sources */ = {isa = PBXBuildFile; fileRef = 2AB2269725E4E4C6004F8350 /* WebView.swift */; };
		2AB2269B25E4F2D0004F8350 /* Reachability.swift in Sources */ = {isa = PBXBuildFile; fileRef = 2AB2269A25E4F2D0004F8350 /* Reachability.swift */; };
		2AB2269E25E551A3004F8350 /* UserData.swift in Sources */ = {isa = PBXBuildFile; fileRef = 2AB2269D25E551A3004F8350 /* UserData.swift */; };
		2AB226A225E57E9F004F8350 /* PhotoCaptureView.swift in Sources */ = {isa = PBXBuildFile; fileRef = 2AB226A125E57E9F004F8350 /* PhotoCaptureView.swift */; };
		2AB226A525E57FFA004F8350 /* UtilityFunction.swift in Sources */ = {isa = PBXBuildFile; fileRef = 2AB226A425E57FFA004F8350 /* UtilityFunction.swift */; };
		2AB226A825E5855A004F8350 /* GeoInformation.swift in Sources */ = {isa = PBXBuildFile; fileRef = 2AB226A725E5855A004F8350 /* GeoInformation.swift */; };
		2AB226AC25E5886A004F8350 /* RecordStruct.swift in Sources */ = {isa = PBXBuildFile; fileRef = 2AB226AB25E5886A004F8350 /* RecordStruct.swift */; };
		2AB226BB25E59D82004F8350 /* GoogleService-Info.plist in Resources */ = {isa = PBXBuildFile; fileRef = 2AB226BD25E59D82004F8350 /* GoogleService-Info.plist */; };
		8326AAA51FAAB5015EFFE55E /* Pods_AppTrackWildlifeDiseases.framework in Frameworks */ = {isa = PBXBuildFile; fileRef = BC7C4EDD2A7D711C93BA3215 /* Pods_AppTrackWildlifeDiseases.framework */; };
/* End PBXBuildFile section */

/* Begin PBXFileReference section */
		2AB2265B25DEBDCF004F8350 /* AppTrackWildlifeDiseases.app */ = {isa = PBXFileReference; explicitFileType = wrapper.application; includeInIndex = 0; path = AppTrackWildlifeDiseases.app; sourceTree = BUILT_PRODUCTS_DIR; };
		2AB2265E25DEBDCF004F8350 /* AppDelegate.swift */ = {isa = PBXFileReference; lastKnownFileType = sourcecode.swift; path = AppDelegate.swift; sourceTree = "<group>"; };
		2AB2266025DEBDCF004F8350 /* SceneDelegate.swift */ = {isa = PBXFileReference; lastKnownFileType = sourcecode.swift; path = SceneDelegate.swift; sourceTree = "<group>"; };
		2AB2266225DEBDCF004F8350 /* ContentView.swift */ = {isa = PBXFileReference; lastKnownFileType = sourcecode.swift; path = ContentView.swift; sourceTree = "<group>"; };
		2AB2266525DEBDCF004F8350 /* AppTrackWildlifeDiseases.xcdatamodel */ = {isa = PBXFileReference; lastKnownFileType = wrapper.xcdatamodel; path = AppTrackWildlifeDiseases.xcdatamodel; sourceTree = "<group>"; };
		2AB2266725DEBDD2004F8350 /* Assets.xcassets */ = {isa = PBXFileReference; lastKnownFileType = folder.assetcatalog; path = Assets.xcassets; sourceTree = "<group>"; };
		2AB2266A25DEBDD2004F8350 /* Preview Assets.xcassets */ = {isa = PBXFileReference; lastKnownFileType = folder.assetcatalog; path = "Preview Assets.xcassets"; sourceTree = "<group>"; };
		2AB2266D25DEBDD2004F8350 /* Base */ = {isa = PBXFileReference; lastKnownFileType = file.storyboard; name = Base; path = Base.lproj/LaunchScreen.storyboard; sourceTree = "<group>"; };
		2AB2266F25DEBDD2004F8350 /* Info.plist */ = {isa = PBXFileReference; lastKnownFileType = text.plist.xml; path = Info.plist; sourceTree = "<group>"; };
		2AB2267725DECD84004F8350 /* Description.swift */ = {isa = PBXFileReference; lastKnownFileType = sourcecode.swift; path = Description.swift; sourceTree = "<group>"; };
		2AB2267B25DECDBF004F8350 /* PictureTakeing.swift */ = {isa = PBXFileReference; lastKnownFileType = sourcecode.swift; path = PictureTakeing.swift; sourceTree = "<group>"; };
		2AB2268325DED8D1004F8350 /* Common Source.swift */ = {isa = PBXFileReference; lastKnownFileType = sourcecode.swift; path = "Common Source.swift"; sourceTree = "<group>"; };
		2AB2268625DEDD7A004F8350 /* AboutUs.swift */ = {isa = PBXFileReference; lastKnownFileType = sourcecode.swift; path = AboutUs.swift; sourceTree = "<group>"; };
		2AB2268B25DEE451004F8350 /* Project Leader.swift */ = {isa = PBXFileReference; lastKnownFileType = sourcecode.swift; path = "Project Leader.swift"; sourceTree = "<group>"; };
		2AB2268F25E4DF6E004F8350 /* ImagePicker.swift */ = {isa = PBXFileReference; lastKnownFileType = sourcecode.swift; path = ImagePicker.swift; sourceTree = "<group>"; };
		2AB2269325E4E31D004F8350 /* MangeDescription.swift */ = {isa = PBXFileReference; lastKnownFileType = sourcecode.swift; path = MangeDescription.swift; sourceTree = "<group>"; };
		2AB2269725E4E4C6004F8350 /* WebView.swift */ = {isa = PBXFileReference; lastKnownFileType = sourcecode.swift; path = WebView.swift; sourceTree = "<group>"; };
		2AB2269A25E4F2D0004F8350 /* Reachability.swift */ = {isa = PBXFileReference; lastKnownFileType = sourcecode.swift; path = Reachability.swift; sourceTree = "<group>"; };
		2AB2269D25E551A3004F8350 /* UserData.swift */ = {isa = PBXFileReference; lastKnownFileType = sourcecode.swift; path = UserData.swift; sourceTree = "<group>"; };
		2AB226A125E57E9F004F8350 /* PhotoCaptureView.swift */ = {isa = PBXFileReference; lastKnownFileType = sourcecode.swift; path = PhotoCaptureView.swift; sourceTree = "<group>"; };
		2AB226A425E57FFA004F8350 /* UtilityFunction.swift */ = {isa = PBXFileReference; lastKnownFileType = sourcecode.swift; path = UtilityFunction.swift; sourceTree = "<group>"; };
		2AB226A725E5855A004F8350 /* GeoInformation.swift */ = {isa = PBXFileReference; lastKnownFileType = sourcecode.swift; path = GeoInformation.swift; sourceTree = "<group>"; };
		2AB226AB25E5886A004F8350 /* RecordStruct.swift */ = {isa = PBXFileReference; lastKnownFileType = sourcecode.swift; path = RecordStruct.swift; sourceTree = "<group>"; };
		2AB226BC25E59D82004F8350 /* Base */ = {isa = PBXFileReference; lastKnownFileType = text.plist.xml; name = Base; path = "Base.lproj/GoogleService-Info.plist"; sourceTree = "<group>"; };
		BC7C4EDD2A7D711C93BA3215 /* Pods_AppTrackWildlifeDiseases.framework */ = {isa = PBXFileReference; explicitFileType = wrapper.framework; includeInIndex = 0; path = Pods_AppTrackWildlifeDiseases.framework; sourceTree = BUILT_PRODUCTS_DIR; };
		C273ED83FC9D5DD9A8D97173 /* Pods-AppTrackWildlifeDiseases.release.xcconfig */ = {isa = PBXFileReference; includeInIndex = 1; lastKnownFileType = text.xcconfig; name = "Pods-AppTrackWildlifeDiseases.release.xcconfig"; path = "Target Support Files/Pods-AppTrackWildlifeDiseases/Pods-AppTrackWildlifeDiseases.release.xcconfig"; sourceTree = "<group>"; };
		D4131DE311A7617B71FACF4F /* Pods-AppTrackWildlifeDiseases.debug.xcconfig */ = {isa = PBXFileReference; includeInIndex = 1; lastKnownFileType = text.xcconfig; name = "Pods-AppTrackWildlifeDiseases.debug.xcconfig"; path = "Target Support Files/Pods-AppTrackWildlifeDiseases/Pods-AppTrackWildlifeDiseases.debug.xcconfig"; sourceTree = "<group>"; };
/* End PBXFileReference section */

/* Begin PBXFrameworksBuildPhase section */
		2AB2265825DEBDCF004F8350 /* Frameworks */ = {
			isa = PBXFrameworksBuildPhase;
			buildActionMask = 2147483647;
			files = (
				8326AAA51FAAB5015EFFE55E /* Pods_AppTrackWildlifeDiseases.framework in Frameworks */,
			);
			runOnlyForDeploymentPostprocessing = 0;
		};
/* End PBXFrameworksBuildPhase section */

/* Begin PBXGroup section */
		1657961D2F02AE819D0263FD /* Pods */ = {
			isa = PBXGroup;
			children = (
				D4131DE311A7617B71FACF4F /* Pods-AppTrackWildlifeDiseases.debug.xcconfig */,
				C273ED83FC9D5DD9A8D97173 /* Pods-AppTrackWildlifeDiseases.release.xcconfig */,
			);
			path = Pods;
			sourceTree = "<group>";
		};
		2AB2265225DEBDCF004F8350 = {
			isa = PBXGroup;
			children = (
				2AB2265D25DEBDCF004F8350 /* AppTrackWildlifeDiseases */,
				2AB2265C25DEBDCF004F8350 /* Products */,
				1657961D2F02AE819D0263FD /* Pods */,
				2B555D2556D02A2241B79BA1 /* Frameworks */,
			);
			sourceTree = "<group>";
		};
		2AB2265C25DEBDCF004F8350 /* Products */ = {
			isa = PBXGroup;
			children = (
				2AB2265B25DEBDCF004F8350 /* AppTrackWildlifeDiseases.app */,
			);
			name = Products;
			sourceTree = "<group>";
		};
		2AB2265D25DEBDCF004F8350 /* AppTrackWildlifeDiseases */ = {
			isa = PBXGroup;
			children = (
				2AB226AA25E58834004F8350 /* Data Model */,
				2AB2268E25E4DF28004F8350 /* UtilitFunctions */,
				2AB2267F25DECDE2004F8350 /* Record */,
				2AB2267A25DECDA8004F8350 /* Upload Case */,
				2AB2267625DECD4A004F8350 /* About us */,
				2AB2265E25DEBDCF004F8350 /* AppDelegate.swift */,
				2AB2266025DEBDCF004F8350 /* SceneDelegate.swift */,
				2AB2266225DEBDCF004F8350 /* ContentView.swift */,
				2AB2266725DEBDD2004F8350 /* Assets.xcassets */,
				2AB2266C25DEBDD2004F8350 /* LaunchScreen.storyboard */,
				2AB2266F25DEBDD2004F8350 /* Info.plist */,
				2AB2266425DEBDCF004F8350 /* AppTrackWildlifeDiseases.xcdatamodeld */,
				2AB2266925DEBDD2004F8350 /* Preview Content */,
				2AB226BD25E59D82004F8350 /* GoogleService-Info.plist */,
				2AB2268325DED8D1004F8350 /* Common Source.swift */,
			);
			path = AppTrackWildlifeDiseases;
			sourceTree = "<group>";
		};
		2AB2266925DEBDD2004F8350 /* Preview Content */ = {
			isa = PBXGroup;
			children = (
				2AB2266A25DEBDD2004F8350 /* Preview Assets.xcassets */,
			);
			path = "Preview Content";
			sourceTree = "<group>";
		};
		2AB2267625DECD4A004F8350 /* About us */ = {
			isa = PBXGroup;
			children = (
				2AB2267725DECD84004F8350 /* Description.swift */,
				2AB2268625DEDD7A004F8350 /* AboutUs.swift */,
				2AB2268B25DEE451004F8350 /* Project Leader.swift */,
				2AB2269325E4E31D004F8350 /* MangeDescription.swift */,
			);
			name = "About us";
			sourceTree = "<group>";
		};
		2AB2267A25DECDA8004F8350 /* Upload Case */ = {
			isa = PBXGroup;
			children = (
				2AB2267B25DECDBF004F8350 /* PictureTakeing.swift */,
			);
			name = "Upload Case";
			sourceTree = "<group>";
		};
		2AB2267F25DECDE2004F8350 /* Record */ = {
			isa = PBXGroup;
			children = (
			);
			name = Record;
			sourceTree = "<group>";
		};
		2AB2268E25E4DF28004F8350 /* UtilitFunctions */ = {
			isa = PBXGroup;
			children = (
				2AB2268F25E4DF6E004F8350 /* ImagePicker.swift */,
				2AB2269725E4E4C6004F8350 /* WebView.swift */,
				2AB2269A25E4F2D0004F8350 /* Reachability.swift */,
				2AB2269D25E551A3004F8350 /* UserData.swift */,
				2AB226A125E57E9F004F8350 /* PhotoCaptureView.swift */,
				2AB226A425E57FFA004F8350 /* UtilityFunction.swift */,
				2AB226A725E5855A004F8350 /* GeoInformation.swift */,
			);
			name = UtilitFunctions;
			sourceTree = "<group>";
		};
		2AB226AA25E58834004F8350 /* Data Model */ = {
			isa = PBXGroup;
			children = (
				2AB226AB25E5886A004F8350 /* RecordStruct.swift */,
			);
			name = "Data Model";
			sourceTree = "<group>";
		};
		2B555D2556D02A2241B79BA1 /* Frameworks */ = {
			isa = PBXGroup;
			children = (
				BC7C4EDD2A7D711C93BA3215 /* Pods_AppTrackWildlifeDiseases.framework */,
			);
			name = Frameworks;
			sourceTree = "<group>";
		};
/* End PBXGroup section */

/* Begin PBXNativeTarget section */
		2AB2265A25DEBDCF004F8350 /* AppTrackWildlifeDiseases */ = {
			isa = PBXNativeTarget;
			buildConfigurationList = 2AB2267225DEBDD2004F8350 /* Build configuration list for PBXNativeTarget "AppTrackWildlifeDiseases" */;
			buildPhases = (
				F4EB1ED705007A867DB68256 /* [CP] Check Pods Manifest.lock */,
				2AB2265725DEBDCF004F8350 /* Sources */,
				2AB2265825DEBDCF004F8350 /* Frameworks */,
				2AB2265925DEBDCF004F8350 /* Resources */,
				46C571D0FE4A1529238DCD8C /* [CP] Embed Pods Frameworks */,
			);
			buildRules = (
			);
			dependencies = (
			);
			name = AppTrackWildlifeDiseases;
			productName = AppTrackWildlifeDiseases;
			productReference = 2AB2265B25DEBDCF004F8350 /* AppTrackWildlifeDiseases.app */;
			productType = "com.apple.product-type.application";
		};
/* End PBXNativeTarget section */

/* Begin PBXProject section */
		2AB2265325DEBDCF004F8350 /* Project object */ = {
			isa = PBXProject;
			attributes = {
				LastSwiftUpdateCheck = 1240;
				LastUpgradeCheck = 1240;
				TargetAttributes = {
					2AB2265A25DEBDCF004F8350 = {
						CreatedOnToolsVersion = 12.4;
					};
				};
			};
			buildConfigurationList = 2AB2265625DEBDCF004F8350 /* Build configuration list for PBXProject "AppTrackWildlifeDiseases" */;
			compatibilityVersion = "Xcode 9.3";
			developmentRegion = en;
			hasScannedForEncodings = 0;
			knownRegions = (
				en,
				Base,
			);
			mainGroup = 2AB2265225DEBDCF004F8350;
			productRefGroup = 2AB2265C25DEBDCF004F8350 /* Products */;
			projectDirPath = "";
			projectRoot = "";
			targets = (
				2AB2265A25DEBDCF004F8350 /* AppTrackWildlifeDiseases */,
			);
		};
/* End PBXProject section */

/* Begin PBXResourcesBuildPhase section */
		2AB2265925DEBDCF004F8350 /* Resources */ = {
			isa = PBXResourcesBuildPhase;
			buildActionMask = 2147483647;
			files = (
				2AB2266E25DEBDD2004F8350 /* LaunchScreen.storyboard in Resources */,
				2AB226BB25E59D82004F8350 /* GoogleService-Info.plist in Resources */,
				2AB2266B25DEBDD2004F8350 /* Preview Assets.xcassets in Resources */,
				2AB2266825DEBDD2004F8350 /* Assets.xcassets in Resources */,
			);
			runOnlyForDeploymentPostprocessing = 0;
		};
/* End PBXResourcesBuildPhase section */

/* Begin PBXShellScriptBuildPhase section */
		46C571D0FE4A1529238DCD8C /* [CP] Embed Pods Frameworks */ = {
			isa = PBXShellScriptBuildPhase;
			buildActionMask = 2147483647;
			files = (
			);
			inputFileListPaths = (
				"${PODS_ROOT}/Target Support Files/Pods-AppTrackWildlifeDiseases/Pods-AppTrackWildlifeDiseases-frameworks-${CONFIGURATION}-input-files.xcfilelist",
			);
			name = "[CP] Embed Pods Frameworks";
			outputFileListPaths = (
				"${PODS_ROOT}/Target Support Files/Pods-AppTrackWildlifeDiseases/Pods-AppTrackWildlifeDiseases-frameworks-${CONFIGURATION}-output-files.xcfilelist",
			);
			runOnlyForDeploymentPostprocessing = 0;
			shellPath = /bin/sh;
			shellScript = "\"${PODS_ROOT}/Target Support Files/Pods-AppTrackWildlifeDiseases/Pods-AppTrackWildlifeDiseases-frameworks.sh\"\n";
			showEnvVarsInLog = 0;
		};
		F4EB1ED705007A867DB68256 /* [CP] Check Pods Manifest.lock */ = {
			isa = PBXShellScriptBuildPhase;
			buildActionMask = 2147483647;
			files = (
			);
			inputFileListPaths = (
			);
			inputPaths = (
				"${PODS_PODFILE_DIR_PATH}/Podfile.lock",
				"${PODS_ROOT}/Manifest.lock",
			);
			name = "[CP] Check Pods Manifest.lock";
			outputFileListPaths = (
			);
			outputPaths = (
				"$(DERIVED_FILE_DIR)/Pods-AppTrackWildlifeDiseases-checkManifestLockResult.txt",
			);
			runOnlyForDeploymentPostprocessing = 0;
			shellPath = /bin/sh;
			shellScript = "diff \"${PODS_PODFILE_DIR_PATH}/Podfile.lock\" \"${PODS_ROOT}/Manifest.lock\" > /dev/null\nif [ $? != 0 ] ; then\n    # print error to STDERR\n    echo \"error: The sandbox is not in sync with the Podfile.lock. Run 'pod install' or update your CocoaPods installation.\" >&2\n    exit 1\nfi\n# This output is used by Xcode 'outputs' to avoid re-running this script phase.\necho \"SUCCESS\" > \"${SCRIPT_OUTPUT_FILE_0}\"\n";
			showEnvVarsInLog = 0;
		};
/* End PBXShellScriptBuildPhase section */

/* Begin PBXSourcesBuildPhase section */
		2AB2265725DEBDCF004F8350 /* Sources */ = {
			isa = PBXSourcesBuildPhase;
			buildActionMask = 2147483647;
			files = (
				2AB2266625DEBDCF004F8350 /* AppTrackWildlifeDiseases.xcdatamodeld in Sources */,
				2AB2269425E4E31D004F8350 /* MangeDescription.swift in Sources */,
				2AB2269E25E551A3004F8350 /* UserData.swift in Sources */,
				2AB2265F25DEBDCF004F8350 /* AppDelegate.swift in Sources */,
				2AB226A225E57E9F004F8350 /* PhotoCaptureView.swift in Sources */,
				2AB2268425DED8D1004F8350 /* Common Source.swift in Sources */,
				2AB2268725DEDD7A004F8350 /* AboutUs.swift in Sources */,
				2AB2267C25DECDBF004F8350 /* PictureTakeing.swift in Sources */,
				2AB2267825DECD84004F8350 /* Description.swift in Sources */,
				2AB2266125DEBDCF004F8350 /* SceneDelegate.swift in Sources */,
				2AB226A525E57FFA004F8350 /* UtilityFunction.swift in Sources */,
				2AB2269025E4DF6E004F8350 /* ImagePicker.swift in Sources */,
				2AB2266325DEBDCF004F8350 /* ContentView.swift in Sources */,
				2AB2268C25DEE451004F8350 /* Project Leader.swift in Sources */,
				2AB2269825E4E4C6004F8350 /* WebView.swift in Sources */,
				2AB226A825E5855A004F8350 /* GeoInformation.swift in Sources */,
				2AB2269B25E4F2D0004F8350 /* Reachability.swift in Sources */,
				2AB226AC25E5886A004F8350 /* RecordStruct.swift in Sources */,
			);
			runOnlyForDeploymentPostprocessing = 0;
		};
/* End PBXSourcesBuildPhase section */

/* Begin PBXVariantGroup section */
		2AB2266C25DEBDD2004F8350 /* LaunchScreen.storyboard */ = {
			isa = PBXVariantGroup;
			children = (
				2AB2266D25DEBDD2004F8350 /* Base */,
			);
			name = LaunchScreen.storyboard;
			sourceTree = "<group>";
		};
		2AB226BD25E59D82004F8350 /* GoogleService-Info.plist */ = {
			isa = PBXVariantGroup;
			children = (
				2AB226BC25E59D82004F8350 /* Base */,
			);
			name = "GoogleService-Info.plist";
			sourceTree = "<group>";
		};
/* End PBXVariantGroup section */

/* Begin XCBuildConfiguration section */
		2AB2267025DEBDD2004F8350 /* Debug */ = {
			isa = XCBuildConfiguration;
			buildSettings = {
				ALWAYS_SEARCH_USER_PATHS = NO;
				CLANG_ANALYZER_NONNULL = YES;
				CLANG_ANALYZER_NUMBER_OBJECT_CONVERSION = YES_AGGRESSIVE;
				CLANG_CXX_LANGUAGE_STANDARD = "gnu++14";
				CLANG_CXX_LIBRARY = "libc++";
				CLANG_ENABLE_MODULES = YES;
				CLANG_ENABLE_OBJC_ARC = YES;
				CLANG_ENABLE_OBJC_WEAK = YES;
				CLANG_WARN_BLOCK_CAPTURE_AUTORELEASING = YES;
				CLANG_WARN_BOOL_CONVERSION = YES;
				CLANG_WARN_COMMA = YES;
				CLANG_WARN_CONSTANT_CONVERSION = YES;
				CLANG_WARN_DEPRECATED_OBJC_IMPLEMENTATIONS = YES;
				CLANG_WARN_DIRECT_OBJC_ISA_USAGE = YES_ERROR;
				CLANG_WARN_DOCUMENTATION_COMMENTS = YES;
				CLANG_WARN_EMPTY_BODY = YES;
				CLANG_WARN_ENUM_CONVERSION = YES;
				CLANG_WARN_INFINITE_RECURSION = YES;
				CLANG_WARN_INT_CONVERSION = YES;
				CLANG_WARN_NON_LITERAL_NULL_CONVERSION = YES;
				CLANG_WARN_OBJC_IMPLICIT_RETAIN_SELF = YES;
				CLANG_WARN_OBJC_LITERAL_CONVERSION = YES;
				CLANG_WARN_OBJC_ROOT_CLASS = YES_ERROR;
				CLANG_WARN_QUOTED_INCLUDE_IN_FRAMEWORK_HEADER = YES;
				CLANG_WARN_RANGE_LOOP_ANALYSIS = YES;
				CLANG_WARN_STRICT_PROTOTYPES = YES;
				CLANG_WARN_SUSPICIOUS_MOVE = YES;
				CLANG_WARN_UNGUARDED_AVAILABILITY = YES_AGGRESSIVE;
				CLANG_WARN_UNREACHABLE_CODE = YES;
				CLANG_WARN__DUPLICATE_METHOD_MATCH = YES;
				COPY_PHASE_STRIP = NO;
				DEBUG_INFORMATION_FORMAT = dwarf;
				ENABLE_STRICT_OBJC_MSGSEND = YES;
				ENABLE_TESTABILITY = YES;
				GCC_C_LANGUAGE_STANDARD = gnu11;
				GCC_DYNAMIC_NO_PIC = NO;
				GCC_NO_COMMON_BLOCKS = YES;
				GCC_OPTIMIZATION_LEVEL = 0;
				GCC_PREPROCESSOR_DEFINITIONS = (
					"DEBUG=1",
					"$(inherited)",
				);
				GCC_WARN_64_TO_32_BIT_CONVERSION = YES;
				GCC_WARN_ABOUT_RETURN_TYPE = YES_ERROR;
				GCC_WARN_UNDECLARED_SELECTOR = YES;
				GCC_WARN_UNINITIALIZED_AUTOS = YES_AGGRESSIVE;
				GCC_WARN_UNUSED_FUNCTION = YES;
				GCC_WARN_UNUSED_VARIABLE = YES;
				IPHONEOS_DEPLOYMENT_TARGET = 14.4;
				MTL_ENABLE_DEBUG_INFO = INCLUDE_SOURCE;
				MTL_FAST_MATH = YES;
				ONLY_ACTIVE_ARCH = YES;
				SDKROOT = iphoneos;
				SWIFT_ACTIVE_COMPILATION_CONDITIONS = DEBUG;
				SWIFT_OPTIMIZATION_LEVEL = "-Onone";
			};
			name = Debug;
		};
		2AB2267125DEBDD2004F8350 /* Release */ = {
			isa = XCBuildConfiguration;
			buildSettings = {
				ALWAYS_SEARCH_USER_PATHS = NO;
				CLANG_ANALYZER_NONNULL = YES;
				CLANG_ANALYZER_NUMBER_OBJECT_CONVERSION = YES_AGGRESSIVE;
				CLANG_CXX_LANGUAGE_STANDARD = "gnu++14";
				CLANG_CXX_LIBRARY = "libc++";
				CLANG_ENABLE_MODULES = YES;
				CLANG_ENABLE_OBJC_ARC = YES;
				CLANG_ENABLE_OBJC_WEAK = YES;
				CLANG_WARN_BLOCK_CAPTURE_AUTORELEASING = YES;
				CLANG_WARN_BOOL_CONVERSION = YES;
				CLANG_WARN_COMMA = YES;
				CLANG_WARN_CONSTANT_CONVERSION = YES;
				CLANG_WARN_DEPRECATED_OBJC_IMPLEMENTATIONS = YES;
				CLANG_WARN_DIRECT_OBJC_ISA_USAGE = YES_ERROR;
				CLANG_WARN_DOCUMENTATION_COMMENTS = YES;
				CLANG_WARN_EMPTY_BODY = YES;
				CLANG_WARN_ENUM_CONVERSION = YES;
				CLANG_WARN_INFINITE_RECURSION = YES;
				CLANG_WARN_INT_CONVERSION = YES;
				CLANG_WARN_NON_LITERAL_NULL_CONVERSION = YES;
				CLANG_WARN_OBJC_IMPLICIT_RETAIN_SELF = YES;
				CLANG_WARN_OBJC_LITERAL_CONVERSION = YES;
				CLANG_WARN_OBJC_ROOT_CLASS = YES_ERROR;
				CLANG_WARN_QUOTED_INCLUDE_IN_FRAMEWORK_HEADER = YES;
				CLANG_WARN_RANGE_LOOP_ANALYSIS = YES;
				CLANG_WARN_STRICT_PROTOTYPES = YES;
				CLANG_WARN_SUSPICIOUS_MOVE = YES;
				CLANG_WARN_UNGUARDED_AVAILABILITY = YES_AGGRESSIVE;
				CLANG_WARN_UNREACHABLE_CODE = YES;
				CLANG_WARN__DUPLICATE_METHOD_MATCH = YES;
				COPY_PHASE_STRIP = NO;
				DEBUG_INFORMATION_FORMAT = "dwarf-with-dsym";
				ENABLE_NS_ASSERTIONS = NO;
				ENABLE_STRICT_OBJC_MSGSEND = YES;
				GCC_C_LANGUAGE_STANDARD = gnu11;
				GCC_NO_COMMON_BLOCKS = YES;
				GCC_WARN_64_TO_32_BIT_CONVERSION = YES;
				GCC_WARN_ABOUT_RETURN_TYPE = YES_ERROR;
				GCC_WARN_UNDECLARED_SELECTOR = YES;
				GCC_WARN_UNINITIALIZED_AUTOS = YES_AGGRESSIVE;
				GCC_WARN_UNUSED_FUNCTION = YES;
				GCC_WARN_UNUSED_VARIABLE = YES;
				IPHONEOS_DEPLOYMENT_TARGET = 14.4;
				MTL_ENABLE_DEBUG_INFO = NO;
				MTL_FAST_MATH = YES;
				SDKROOT = iphoneos;
				SWIFT_COMPILATION_MODE = wholemodule;
				SWIFT_OPTIMIZATION_LEVEL = "-O";
				VALIDATE_PRODUCT = YES;
			};
			name = Release;
		};
		2AB2267325DEBDD2004F8350 /* Debug */ = {
			isa = XCBuildConfiguration;
			baseConfigurationReference = D4131DE311A7617B71FACF4F /* Pods-AppTrackWildlifeDiseases.debug.xcconfig */;
			buildSettings = {
				ASSETCATALOG_COMPILER_APPICON_NAME = AppIcon;
				ASSETCATALOG_COMPILER_GLOBAL_ACCENT_COLOR_NAME = AccentColor;
				CODE_SIGN_STYLE = Automatic;
				DEVELOPMENT_ASSET_PATHS = "\"AppTrackWildlifeDiseases/Preview Content\"";
				DEVELOPMENT_TEAM = P4HRUWL6NU;
				ENABLE_PREVIEWS = YES;
				INFOPLIST_FILE = AppTrackWildlifeDiseases/Info.plist;
				LD_RUNPATH_SEARCH_PATHS = (
					"$(inherited)",
					"@executable_path/Frameworks",
				);
				PRODUCT_BUNDLE_IDENTIFIER = com.AppTrackWildlifeDiseases;
				PRODUCT_NAME = "$(TARGET_NAME)";
				SWIFT_VERSION = 5.0;
				TARGETED_DEVICE_FAMILY = "1,2";
			};
			name = Debug;
		};
		2AB2267425DEBDD2004F8350 /* Release */ = {
			isa = XCBuildConfiguration;
			baseConfigurationReference = C273ED83FC9D5DD9A8D97173 /* Pods-AppTrackWildlifeDiseases.release.xcconfig */;
			buildSettings = {
				ASSETCATALOG_COMPILER_APPICON_NAME = AppIcon;
				ASSETCATALOG_COMPILER_GLOBAL_ACCENT_COLOR_NAME = AccentColor;
				CODE_SIGN_STYLE = Automatic;
				DEVELOPMENT_ASSET_PATHS = "\"AppTrackWildlifeDiseases/Preview Content\"";
				DEVELOPMENT_TEAM = P4HRUWL6NU;
				ENABLE_PREVIEWS = YES;
				INFOPLIST_FILE = AppTrackWildlifeDiseases/Info.plist;
				LD_RUNPATH_SEARCH_PATHS = (
					"$(inherited)",
					"@executable_path/Frameworks",
				);
				PRODUCT_BUNDLE_IDENTIFIER = com.AppTrackWildlifeDiseases;
				PRODUCT_NAME = "$(TARGET_NAME)";
				SWIFT_VERSION = 5.0;
				TARGETED_DEVICE_FAMILY = "1,2";
			};
			name = Release;
		};
/* End XCBuildConfiguration section */

/* Begin XCConfigurationList section */
		2AB2265625DEBDCF004F8350 /* Build configuration list for PBXProject "AppTrackWildlifeDiseases" */ = {
			isa = XCConfigurationList;
			buildConfigurations = (
				2AB2267025DEBDD2004F8350 /* Debug */,
				2AB2267125DEBDD2004F8350 /* Release */,
			);
			defaultConfigurationIsVisible = 0;
			defaultConfigurationName = Release;
		};
		2AB2267225DEBDD2004F8350 /* Build configuration list for PBXNativeTarget "AppTrackWildlifeDiseases" */ = {
			isa = XCConfigurationList;
			buildConfigurations = (
				2AB2267325DEBDD2004F8350 /* Debug */,
				2AB2267425DEBDD2004F8350 /* Release */,
			);
			defaultConfigurationIsVisible = 0;
			defaultConfigurationName = Release;
		};
/* End XCConfigurationList section */

/* Begin XCVersionGroup section */
		2AB2266425DEBDCF004F8350 /* AppTrackWildlifeDiseases.xcdatamodeld */ = {
			isa = XCVersionGroup;
			children = (
				2AB2266525DEBDCF004F8350 /* AppTrackWildlifeDiseases.xcdatamodel */,
			);
			currentVersion = 2AB2266525DEBDCF004F8350 /* AppTrackWildlifeDiseases.xcdatamodel */;
			path = AppTrackWildlifeDiseases.xcdatamodeld;
			sourceTree = "<group>";
			versionGroupType = wrapper.xcdatamodel;
		};
/* End XCVersionGroup section */
	};
	rootObject = 2AB2265325DEBDCF004F8350 /* Project object */;
}
